// !$*UTF8*$!
{
	archiveVersion = 1;
	classes = {
	};
	objectVersion = 46;
	objects = {

/* Begin PBXBuildFile section */
		7258911C179F6BE50058FF64 /* exclamation.tif in Resources */ = {isa = PBXBuildFile; fileRef = 7258911B179F6BE50058FF64 /* exclamation.tif */; };
		7258911E179F6BF60058FF64 /* running.tiff in Resources */ = {isa = PBXBuildFile; fileRef = 7258911D179F6BF60058FF64 /* running.tiff */; };
		8F1592041767B64B006BE1E0 /* empty.tif in Resources */ = {isa = PBXBuildFile; fileRef = 8F1592031767B64B006BE1E0 /* empty.tif */; };
		8F226CD01AB21AB900354546 /* Warning.png in Resources */ = {isa = PBXBuildFile; fileRef = 8F226CCF1AB21AB900354546 /* Warning.png */; };
		8F336E9A1BA88A1000983D78 /* MPAlert.png in Resources */ = {isa = PBXBuildFile; fileRef = 8F336E991BA88A1000983D78 /* MPAlert.png */; };
		8F336EA01BA88EFE00983D78 /* EventToSend.c in Sources */ = {isa = PBXBuildFile; fileRef = 8F336E9F1BA88EFE00983D78 /* EventToSend.c */; };
		8F336EA21BA8909E00983D78 /* Carbon.framework in Frameworks */ = {isa = PBXBuildFile; fileRef = 8F336EA11BA8909D00983D78 /* Carbon.framework */; };
		8F779399181EDB8D008FA072 /* LogOutReq.tif in Resources */ = {isa = PBXBuildFile; fileRef = 8F779398181EDB8D008FA072 /* LogOutReq.tif */; };
		8FA9ADF91767B6930055506B /* RestartReq.tif in Resources */ = {isa = PBXBuildFile; fileRef = 8FA9ADF81767B6930055506B /* RestartReq.tif */; };
		8FA9ADFB1767B6A00055506B /* Installcomplete.tif in Resources */ = {isa = PBXBuildFile; fileRef = 8FA9ADFA1767B6A00055506B /* Installcomplete.tif */; };
		8FD890AB16DFEDB700A870A3 /* Cocoa.framework in Frameworks */ = {isa = PBXBuildFile; fileRef = 8FD890AA16DFEDB700A870A3 /* Cocoa.framework */; };
		8FD890B516DFEDB700A870A3 /* InfoPlist.strings in Resources */ = {isa = PBXBuildFile; fileRef = 8FD890B316DFEDB700A870A3 /* InfoPlist.strings */; };
		8FD890B716DFEDB700A870A3 /* main.m in Sources */ = {isa = PBXBuildFile; fileRef = 8FD890B616DFEDB700A870A3 /* main.m */; };
		8FD890F816E5253600A870A3 /* MPSelfPatchAppDelegate.m in Sources */ = {isa = PBXBuildFile; fileRef = 8FD890F216E5253600A870A3 /* MPSelfPatchAppDelegate.m */; };
		8FD890F916E5253600A870A3 /* PrefsController.m in Sources */ = {isa = PBXBuildFile; fileRef = 8FD890F416E5253600A870A3 /* PrefsController.m */; };
		8FD890FA16E5253600A870A3 /* Preferences.xib in Resources */ = {isa = PBXBuildFile; fileRef = 8FD890F516E5253600A870A3 /* Preferences.xib */; };
		8FD890FB16E5253600A870A3 /* SelfPatchMainMenu.xib in Resources */ = {isa = PBXBuildFile; fileRef = 8FD890F616E5253600A870A3 /* SelfPatchMainMenu.xib */; };
		8FD890FC16E5253600A870A3 /* MPSelfPatch.icns in Resources */ = {isa = PBXBuildFile; fileRef = 8FD890F716E5253600A870A3 /* MPSelfPatch.icns */; };
		8FD8910916E5259100A870A3 /* Security.framework in Frameworks */ = {isa = PBXBuildFile; fileRef = 8FD8910016E5259100A870A3 /* Security.framework */; };
		8FD8910A16E5259100A870A3 /* SystemConfiguration.framework in Frameworks */ = {isa = PBXBuildFile; fileRef = 8FD8910116E5259100A870A3 /* SystemConfiguration.framework */; };
		8FD8910B16E5259100A870A3 /* CoreServices.framework in Frameworks */ = {isa = PBXBuildFile; fileRef = 8FD8910216E5259100A870A3 /* CoreServices.framework */; };
		8FD8910C16E5259100A870A3 /* IOKit.framework in Frameworks */ = {isa = PBXBuildFile; fileRef = 8FD8910316E5259100A870A3 /* IOKit.framework */; };
		8FD8910D16E5259100A870A3 /* CoreFoundation.framework in Frameworks */ = {isa = PBXBuildFile; fileRef = 8FD8910416E5259100A870A3 /* CoreFoundation.framework */; };
		8FD8910E16E5259100A870A3 /* libicucore.dylib in Frameworks */ = {isa = PBXBuildFile; fileRef = 8FD8910516E5259100A870A3 /* libicucore.dylib */; };
		8FD8911016E5259100A870A3 /* libz.dylib in Frameworks */ = {isa = PBXBuildFile; fileRef = 8FD8910716E5259100A870A3 /* libz.dylib */; };
		8FD8911116E5259100A870A3 /* libMacPatch.a in Frameworks */ = {isa = PBXBuildFile; fileRef = 8FD8910816E5259100A870A3 /* libMacPatch.a */; };
		8FD8914116E535C300A870A3 /* WindowViewSubclass.m in Sources */ = {isa = PBXBuildFile; fileRef = 8FD8914016E535C200A870A3 /* WindowViewSubclass.m */; };
/* End PBXBuildFile section */

/* Begin PBXFileReference section */
		7258911B179F6BE50058FF64 /* exclamation.tif */ = {isa = PBXFileReference; lastKnownFileType = image.tiff; path = exclamation.tif; sourceTree = "<group>"; };
		7258911D179F6BF60058FF64 /* running.tiff */ = {isa = PBXFileReference; lastKnownFileType = image.tiff; path = running.tiff; sourceTree = "<group>"; };
		8F1592031767B64B006BE1E0 /* empty.tif */ = {isa = PBXFileReference; lastKnownFileType = image.tiff; path = empty.tif; sourceTree = "<group>"; };
		8F226CCF1AB21AB900354546 /* Warning.png */ = {isa = PBXFileReference; lastKnownFileType = image.png; path = Warning.png; sourceTree = "<group>"; };
		8F336E991BA88A1000983D78 /* MPAlert.png */ = {isa = PBXFileReference; lastKnownFileType = image.png; path = MPAlert.png; sourceTree = "<group>"; };
		8F336E9E1BA88EFE00983D78 /* EventToSend.h */ = {isa = PBXFileReference; fileEncoding = 4; lastKnownFileType = sourcecode.c.h; path = EventToSend.h; sourceTree = "<group>"; };
		8F336E9F1BA88EFE00983D78 /* EventToSend.c */ = {isa = PBXFileReference; fileEncoding = 4; lastKnownFileType = sourcecode.c.c; path = EventToSend.c; sourceTree = "<group>"; };
		8F336EA11BA8909D00983D78 /* Carbon.framework */ = {isa = PBXFileReference; lastKnownFileType = wrapper.framework; name = Carbon.framework; path = System/Library/Frameworks/Carbon.framework; sourceTree = SDKROOT; };
		8F779398181EDB8D008FA072 /* LogOutReq.tif */ = {isa = PBXFileReference; lastKnownFileType = image.tiff; path = LogOutReq.tif; sourceTree = "<group>"; };
		8FA9ADF81767B6930055506B /* RestartReq.tif */ = {isa = PBXFileReference; lastKnownFileType = image.tiff; path = RestartReq.tif; sourceTree = "<group>"; };
		8FA9ADFA1767B6A00055506B /* Installcomplete.tif */ = {isa = PBXFileReference; lastKnownFileType = image.tiff; path = Installcomplete.tif; sourceTree = "<group>"; };
		8FD890A716DFEDB700A870A3 /* Self Patch.app */ = {isa = PBXFileReference; explicitFileType = wrapper.application; includeInIndex = 0; path = "Self Patch.app"; sourceTree = BUILT_PRODUCTS_DIR; };
		8FD890AA16DFEDB700A870A3 /* Cocoa.framework */ = {isa = PBXFileReference; lastKnownFileType = wrapper.framework; name = Cocoa.framework; path = System/Library/Frameworks/Cocoa.framework; sourceTree = SDKROOT; };
		8FD890AD16DFEDB700A870A3 /* AppKit.framework */ = {isa = PBXFileReference; lastKnownFileType = wrapper.framework; name = AppKit.framework; path = System/Library/Frameworks/AppKit.framework; sourceTree = SDKROOT; };
		8FD890AE16DFEDB700A870A3 /* CoreData.framework */ = {isa = PBXFileReference; lastKnownFileType = wrapper.framework; name = CoreData.framework; path = System/Library/Frameworks/CoreData.framework; sourceTree = SDKROOT; };
		8FD890AF16DFEDB700A870A3 /* Foundation.framework */ = {isa = PBXFileReference; lastKnownFileType = wrapper.framework; name = Foundation.framework; path = System/Library/Frameworks/Foundation.framework; sourceTree = SDKROOT; };
		8FD890B416DFEDB700A870A3 /* en */ = {isa = PBXFileReference; lastKnownFileType = text.plist.strings; name = en; path = en.lproj/InfoPlist.strings; sourceTree = "<group>"; };
		8FD890B616DFEDB700A870A3 /* main.m */ = {isa = PBXFileReference; lastKnownFileType = sourcecode.c.objc; path = main.m; sourceTree = "<group>"; };
		8FD890B816DFEDB700A870A3 /* Self Patch-Prefix.pch */ = {isa = PBXFileReference; lastKnownFileType = sourcecode.c.h; path = "Self Patch-Prefix.pch"; sourceTree = "<group>"; };
		8FD890F116E5253600A870A3 /* MPSelfPatchAppDelegate.h */ = {isa = PBXFileReference; fileEncoding = 4; lastKnownFileType = sourcecode.c.h; path = MPSelfPatchAppDelegate.h; sourceTree = "<group>"; };
		8FD890F216E5253600A870A3 /* MPSelfPatchAppDelegate.m */ = {isa = PBXFileReference; fileEncoding = 4; lastKnownFileType = sourcecode.c.objc; path = MPSelfPatchAppDelegate.m; sourceTree = "<group>"; };
		8FD890F316E5253600A870A3 /* PrefsController.h */ = {isa = PBXFileReference; fileEncoding = 4; lastKnownFileType = sourcecode.c.h; path = PrefsController.h; sourceTree = "<group>"; };
		8FD890F416E5253600A870A3 /* PrefsController.m */ = {isa = PBXFileReference; fileEncoding = 4; lastKnownFileType = sourcecode.c.objc; path = PrefsController.m; sourceTree = "<group>"; };
		8FD890F516E5253600A870A3 /* Preferences.xib */ = {isa = PBXFileReference; fileEncoding = 4; lastKnownFileType = file.xib; path = Preferences.xib; sourceTree = "<group>"; };
		8FD890F616E5253600A870A3 /* SelfPatchMainMenu.xib */ = {isa = PBXFileReference; fileEncoding = 4; lastKnownFileType = file.xib; path = SelfPatchMainMenu.xib; sourceTree = "<group>"; };
		8FD890F716E5253600A870A3 /* MPSelfPatch.icns */ = {isa = PBXFileReference; lastKnownFileType = image.icns; path = MPSelfPatch.icns; sourceTree = "<group>"; };
		8FD890FE16E5255200A870A3 /* Self Patch-Info.plist */ = {isa = PBXFileReference; fileEncoding = 4; lastKnownFileType = text.plist.xml; path = "Self Patch-Info.plist"; sourceTree = "<group>"; };
		8FD8910016E5259100A870A3 /* Security.framework */ = {isa = PBXFileReference; lastKnownFileType = wrapper.framework; name = Security.framework; path = System/Library/Frameworks/Security.framework; sourceTree = SDKROOT; };
		8FD8910116E5259100A870A3 /* SystemConfiguration.framework */ = {isa = PBXFileReference; lastKnownFileType = wrapper.framework; name = SystemConfiguration.framework; path = System/Library/Frameworks/SystemConfiguration.framework; sourceTree = SDKROOT; };
		8FD8910216E5259100A870A3 /* CoreServices.framework */ = {isa = PBXFileReference; lastKnownFileType = wrapper.framework; name = CoreServices.framework; path = System/Library/Frameworks/CoreServices.framework; sourceTree = SDKROOT; };
		8FD8910316E5259100A870A3 /* IOKit.framework */ = {isa = PBXFileReference; lastKnownFileType = wrapper.framework; name = IOKit.framework; path = System/Library/Frameworks/IOKit.framework; sourceTree = SDKROOT; };
		8FD8910416E5259100A870A3 /* CoreFoundation.framework */ = {isa = PBXFileReference; lastKnownFileType = wrapper.framework; name = CoreFoundation.framework; path = System/Library/Frameworks/CoreFoundation.framework; sourceTree = SDKROOT; };
		8FD8910516E5259100A870A3 /* libicucore.dylib */ = {isa = PBXFileReference; lastKnownFileType = "compiled.mach-o.dylib"; name = libicucore.dylib; path = usr/lib/libicucore.dylib; sourceTree = SDKROOT; };
		8FD8910616E5259100A870A3 /* libcrypto.dylib */ = {isa = PBXFileReference; lastKnownFileType = "compiled.mach-o.dylib"; name = libcrypto.dylib; path = usr/lib/libcrypto.dylib; sourceTree = SDKROOT; };
		8FD8910716E5259100A870A3 /* libz.dylib */ = {isa = PBXFileReference; lastKnownFileType = "compiled.mach-o.dylib"; name = libz.dylib; path = usr/lib/libz.dylib; sourceTree = SDKROOT; };
		8FD8910816E5259100A870A3 /* libMacPatch.a */ = {isa = PBXFileReference; lastKnownFileType = archive.ar; name = libMacPatch.a; path = "../../../../Developer/Xcode/DerivedData/MacPatch-gcqqukpepnyosjeqfffypdzoyyfx/Build/Products/Debug/libMacPatch.a"; sourceTree = "<group>"; };
		8FD8911216E525F000A870A3 /* MPWorkerProtocol.h */ = {isa = PBXFileReference; fileEncoding = 4; lastKnownFileType = sourcecode.c.h; path = MPWorkerProtocol.h; sourceTree = "<group>"; };
		8FD8913F16E535C200A870A3 /* WindowViewSubclass.h */ = {isa = PBXFileReference; fileEncoding = 4; lastKnownFileType = sourcecode.c.h; path = WindowViewSubclass.h; sourceTree = "<group>"; };
		8FD8914016E535C200A870A3 /* WindowViewSubclass.m */ = {isa = PBXFileReference; fileEncoding = 4; lastKnownFileType = sourcecode.c.objc; path = WindowViewSubclass.m; sourceTree = "<group>"; };
/* End PBXFileReference section */

/* Begin PBXFrameworksBuildPhase section */
		8FD890A416DFEDB700A870A3 /* Frameworks */ = {
			isa = PBXFrameworksBuildPhase;
			buildActionMask = 2147483647;
			files = (
				8FD8911116E5259100A870A3 /* libMacPatch.a in Frameworks */,
				8FD8910E16E5259100A870A3 /* libicucore.dylib in Frameworks */,
				8FD8911016E5259100A870A3 /* libz.dylib in Frameworks */,
				8FD890AB16DFEDB700A870A3 /* Cocoa.framework in Frameworks */,
				8FD8910916E5259100A870A3 /* Security.framework in Frameworks */,
				8FD8910A16E5259100A870A3 /* SystemConfiguration.framework in Frameworks */,
				8FD8910B16E5259100A870A3 /* CoreServices.framework in Frameworks */,
				8FD8910C16E5259100A870A3 /* IOKit.framework in Frameworks */,
				8FD8910D16E5259100A870A3 /* CoreFoundation.framework in Frameworks */,
				8F336EA21BA8909E00983D78 /* Carbon.framework in Frameworks */,
			);
			runOnlyForDeploymentPostprocessing = 0;
		};
/* End PBXFrameworksBuildPhase section */

/* Begin PBXGroup section */
		8FD8909E16DFEDB700A870A3 = {
			isa = PBXGroup;
			children = (
				8FD890B016DFEDB700A870A3 /* Self Patch */,
				8FD890A916DFEDB700A870A3 /* Frameworks */,
				8FD890A816DFEDB700A870A3 /* Products */,
			);
			sourceTree = "<group>";
		};
		8FD890A816DFEDB700A870A3 /* Products */ = {
			isa = PBXGroup;
			children = (
				8FD890A716DFEDB700A870A3 /* Self Patch.app */,
			);
			name = Products;
			sourceTree = "<group>";
		};
		8FD890A916DFEDB700A870A3 /* Frameworks */ = {
			isa = PBXGroup;
			children = (
				8F336EA11BA8909D00983D78 /* Carbon.framework */,
				8FD8910016E5259100A870A3 /* Security.framework */,
				8FD8910116E5259100A870A3 /* SystemConfiguration.framework */,
				8FD8910216E5259100A870A3 /* CoreServices.framework */,
				8FD8910316E5259100A870A3 /* IOKit.framework */,
				8FD8910416E5259100A870A3 /* CoreFoundation.framework */,
				8FD8910516E5259100A870A3 /* libicucore.dylib */,
				8FD8910616E5259100A870A3 /* libcrypto.dylib */,
				8FD8910716E5259100A870A3 /* libz.dylib */,
				8FD8910816E5259100A870A3 /* libMacPatch.a */,
				8FD890AA16DFEDB700A870A3 /* Cocoa.framework */,
				8FD890AC16DFEDB700A870A3 /* Other Frameworks */,
			);
			name = Frameworks;
			sourceTree = "<group>";
		};
		8FD890AC16DFEDB700A870A3 /* Other Frameworks */ = {
			isa = PBXGroup;
			children = (
				8FD890AD16DFEDB700A870A3 /* AppKit.framework */,
				8FD890AE16DFEDB700A870A3 /* CoreData.framework */,
				8FD890AF16DFEDB700A870A3 /* Foundation.framework */,
			);
			name = "Other Frameworks";
			sourceTree = "<group>";
		};
		8FD890B016DFEDB700A870A3 /* Self Patch */ = {
			isa = PBXGroup;
			children = (
				8FD890F116E5253600A870A3 /* MPSelfPatchAppDelegate.h */,
				8FD890F216E5253600A870A3 /* MPSelfPatchAppDelegate.m */,
				8FD890F316E5253600A870A3 /* PrefsController.h */,
				8FD890F416E5253600A870A3 /* PrefsController.m */,
				8FD8911216E525F000A870A3 /* MPWorkerProtocol.h */,
				8FD8913F16E535C200A870A3 /* WindowViewSubclass.h */,
				8FD8914016E535C200A870A3 /* WindowViewSubclass.m */,
				8F336E9E1BA88EFE00983D78 /* EventToSend.h */,
				8F336E9F1BA88EFE00983D78 /* EventToSend.c */,
				8FD890FD16E5253D00A870A3 /* Resources */,
				8FD890B116DFEDB700A870A3 /* Supporting Files */,
			);
			path = "Self Patch";
			sourceTree = "<group>";
		};
		8FD890B116DFEDB700A870A3 /* Supporting Files */ = {
			isa = PBXGroup;
			children = (
				8FD890FE16E5255200A870A3 /* Self Patch-Info.plist */,
				8FD890B316DFEDB700A870A3 /* InfoPlist.strings */,
				8FD890B616DFEDB700A870A3 /* main.m */,
				8FD890B816DFEDB700A870A3 /* Self Patch-Prefix.pch */,
			);
			name = "Supporting Files";
			sourceTree = "<group>";
		};
		8FD890FD16E5253D00A870A3 /* Resources */ = {
			isa = PBXGroup;
			children = (
				8F336E991BA88A1000983D78 /* MPAlert.png */,
				8F779398181EDB8D008FA072 /* LogOutReq.tif */,
				7258911D179F6BF60058FF64 /* running.tiff */,
				8FA9ADF81767B6930055506B /* RestartReq.tif */,
				8F1592031767B64B006BE1E0 /* empty.tif */,
				8FA9ADFA1767B6A00055506B /* Installcomplete.tif */,
				7258911B179F6BE50058FF64 /* exclamation.tif */,
				8F226CCF1AB21AB900354546 /* Warning.png */,
				8FD890F516E5253600A870A3 /* Preferences.xib */,
				8FD890F616E5253600A870A3 /* SelfPatchMainMenu.xib */,
				8FD890F716E5253600A870A3 /* MPSelfPatch.icns */,
			);
			name = Resources;
			sourceTree = "<group>";
		};
/* End PBXGroup section */

/* Begin PBXNativeTarget section */
		8FD890A616DFEDB700A870A3 /* Self Patch */ = {
			isa = PBXNativeTarget;
			buildConfigurationList = 8FD890C416DFEDB700A870A3 /* Build configuration list for PBXNativeTarget "Self Patch" */;
			buildPhases = (
				8FD890A316DFEDB700A870A3 /* Sources */,
				8FD890A416DFEDB700A870A3 /* Frameworks */,
				8FD890A516DFEDB700A870A3 /* Resources */,
			);
			buildRules = (
			);
			dependencies = (
			);
			name = "Self Patch";
			productName = "Self Patch";
			productReference = 8FD890A716DFEDB700A870A3 /* Self Patch.app */;
			productType = "com.apple.product-type.application";
		};
/* End PBXNativeTarget section */

/* Begin PBXProject section */
		8FD8909F16DFEDB700A870A3 /* Project object */ = {
			isa = PBXProject;
			attributes = {
				LastUpgradeCheck = 0720;
				ORGANIZATIONNAME = LLNL;
			};
			buildConfigurationList = 8FD890A216DFEDB700A870A3 /* Build configuration list for PBXProject "Self Patch" */;
			compatibilityVersion = "Xcode 3.2";
			developmentRegion = English;
			hasScannedForEncodings = 0;
			knownRegions = (
				en,
			);
			mainGroup = 8FD8909E16DFEDB700A870A3;
			productRefGroup = 8FD890A816DFEDB700A870A3 /* Products */;
			projectDirPath = "";
			projectRoot = "";
			targets = (
				8FD890A616DFEDB700A870A3 /* Self Patch */,
			);
		};
/* End PBXProject section */

/* Begin PBXResourcesBuildPhase section */
		8FD890A516DFEDB700A870A3 /* Resources */ = {
			isa = PBXResourcesBuildPhase;
			buildActionMask = 2147483647;
			files = (
				8FD890B516DFEDB700A870A3 /* InfoPlist.strings in Resources */,
				8FD890FA16E5253600A870A3 /* Preferences.xib in Resources */,
				8F226CD01AB21AB900354546 /* Warning.png in Resources */,
				8F336E9A1BA88A1000983D78 /* MPAlert.png in Resources */,
				8FD890FB16E5253600A870A3 /* SelfPatchMainMenu.xib in Resources */,
				8FD890FC16E5253600A870A3 /* MPSelfPatch.icns in Resources */,
				8F1592041767B64B006BE1E0 /* empty.tif in Resources */,
				8FA9ADF91767B6930055506B /* RestartReq.tif in Resources */,
				8F779399181EDB8D008FA072 /* LogOutReq.tif in Resources */,
				8FA9ADFB1767B6A00055506B /* Installcomplete.tif in Resources */,
				7258911C179F6BE50058FF64 /* exclamation.tif in Resources */,
				7258911E179F6BF60058FF64 /* running.tiff in Resources */,
			);
			runOnlyForDeploymentPostprocessing = 0;
		};
/* End PBXResourcesBuildPhase section */

/* Begin PBXSourcesBuildPhase section */
		8FD890A316DFEDB700A870A3 /* Sources */ = {
			isa = PBXSourcesBuildPhase;
			buildActionMask = 2147483647;
			files = (
				8F336EA01BA88EFE00983D78 /* EventToSend.c in Sources */,
				8FD890B716DFEDB700A870A3 /* main.m in Sources */,
				8FD890F816E5253600A870A3 /* MPSelfPatchAppDelegate.m in Sources */,
				8FD890F916E5253600A870A3 /* PrefsController.m in Sources */,
				8FD8914116E535C300A870A3 /* WindowViewSubclass.m in Sources */,
			);
			runOnlyForDeploymentPostprocessing = 0;
		};
/* End PBXSourcesBuildPhase section */

/* Begin PBXVariantGroup section */
		8FD890B316DFEDB700A870A3 /* InfoPlist.strings */ = {
			isa = PBXVariantGroup;
			children = (
				8FD890B416DFEDB700A870A3 /* en */,
			);
			name = InfoPlist.strings;
			sourceTree = "<group>";
		};
/* End PBXVariantGroup section */

/* Begin XCBuildConfiguration section */
		8FD890C216DFEDB700A870A3 /* Debug */ = {
			isa = XCBuildConfiguration;
			buildSettings = {
				ALWAYS_SEARCH_USER_PATHS = YES;
				CLANG_CXX_LANGUAGE_STANDARD = "gnu++0x";
				CLANG_CXX_LIBRARY = "libc++";
				CLANG_WARN_CONSTANT_CONVERSION = YES;
				CLANG_WARN_EMPTY_BODY = YES;
				CLANG_WARN_ENUM_CONVERSION = YES;
				CLANG_WARN_INT_CONVERSION = YES;
				CLANG_WARN__DUPLICATE_METHOD_MATCH = YES;
				COPY_PHASE_STRIP = NO;
				ENABLE_TESTABILITY = YES;
				GCC_C_LANGUAGE_STANDARD = gnu99;
				GCC_DYNAMIC_NO_PIC = NO;
				GCC_ENABLE_OBJC_EXCEPTIONS = YES;
				GCC_OPTIMIZATION_LEVEL = 0;
				GCC_PREPROCESSOR_DEFINITIONS = (
					"DEBUG=1",
					"$(inherited)",
				);
				GCC_SYMBOLS_PRIVATE_EXTERN = NO;
				GCC_WARN_64_TO_32_BIT_CONVERSION = YES;
				GCC_WARN_ABOUT_DEPRECATED_FUNCTIONS = NO;
				GCC_WARN_ABOUT_RETURN_TYPE = NO;
				GCC_WARN_UNINITIALIZED_AUTOS = YES;
				GCC_WARN_UNUSED_VARIABLE = YES;
				MACOSX_DEPLOYMENT_TARGET = 10.7;
				ONLY_ACTIVE_ARCH = YES;
				OTHER_LDFLAGS = (
					"-ObjC",
					"-all_load",
				);
				SDKROOT = macosx;
				USER_HEADER_SEARCH_PATHS = "$HOME/Developer/Xcode/include/**";
			};
			name = Debug;
		};
		8FD890C316DFEDB700A870A3 /* Release */ = {
			isa = XCBuildConfiguration;
			buildSettings = {
				ALWAYS_SEARCH_USER_PATHS = YES;
				CLANG_CXX_LANGUAGE_STANDARD = "gnu++0x";
				CLANG_CXX_LIBRARY = "libc++";
				CLANG_WARN_CONSTANT_CONVERSION = YES;
				CLANG_WARN_EMPTY_BODY = YES;
				CLANG_WARN_ENUM_CONVERSION = YES;
				CLANG_WARN_INT_CONVERSION = YES;
				CLANG_WARN__DUPLICATE_METHOD_MATCH = YES;
				COPY_PHASE_STRIP = YES;
				DEBUG_INFORMATION_FORMAT = "dwarf-with-dsym";
				GCC_C_LANGUAGE_STANDARD = gnu99;
				GCC_ENABLE_OBJC_EXCEPTIONS = YES;
				GCC_WARN_64_TO_32_BIT_CONVERSION = YES;
				GCC_WARN_ABOUT_DEPRECATED_FUNCTIONS = NO;
				GCC_WARN_ABOUT_RETURN_TYPE = NO;
				GCC_WARN_UNINITIALIZED_AUTOS = YES;
				GCC_WARN_UNUSED_VARIABLE = YES;
				MACOSX_DEPLOYMENT_TARGET = 10.7;
				OTHER_LDFLAGS = (
					"-ObjC",
					"-all_load",
				);
				SDKROOT = macosx;
				USER_HEADER_SEARCH_PATHS = "$HOME/Developer/Xcode/include/**";
			};
			name = Release;
		};
		8FD890C516DFEDB700A870A3 /* Debug */ = {
			isa = XCBuildConfiguration;
			buildSettings = {
				COMBINE_HIDPI_IMAGES = YES;
				GCC_PRECOMPILE_PREFIX_HEADER = YES;
				GCC_PREFIX_HEADER = "Self Patch/Self Patch-Prefix.pch";
				HEADER_SEARCH_PATHS = (
					"$(inherited)",
					/Applications/Xcode.app/Contents/Developer/Toolchains/XcodeDefault.xctoolchain/usr/include,
				);
				INFOPLIST_FILE = "Self Patch/Self Patch-Info.plist";
				LIBRARY_SEARCH_PATHS = "$(inherited)";
				MACOSX_DEPLOYMENT_TARGET = 10.7;
				PRODUCT_BUNDLE_IDENTIFIER = "gov.llnl.${PRODUCT_NAME:rfc1034identifier}";
				PRODUCT_NAME = "$(TARGET_NAME)";
				WRAPPER_EXTENSION = app;
			};
			name = Debug;
		};
		8FD890C616DFEDB700A870A3 /* Release */ = {
			isa = XCBuildConfiguration;
			buildSettings = {
				COMBINE_HIDPI_IMAGES = YES;
				GCC_PRECOMPILE_PREFIX_HEADER = YES;
				GCC_PREFIX_HEADER = "Self Patch/Self Patch-Prefix.pch";
				HEADER_SEARCH_PATHS = (
					"$(inherited)",
					/Applications/Xcode.app/Contents/Developer/Toolchains/XcodeDefault.xctoolchain/usr/include,
				);
				INFOPLIST_FILE = "Self Patch/Self Patch-Info.plist";
				LIBRARY_SEARCH_PATHS = "$(inherited)";
				MACOSX_DEPLOYMENT_TARGET = 10.7;
				PRODUCT_BUNDLE_IDENTIFIER = "gov.llnl.${PRODUCT_NAME:rfc1034identifier}";
				PRODUCT_NAME = "$(TARGET_NAME)";
				WRAPPER_EXTENSION = app;
			};
			name = Release;
		};
/* End XCBuildConfiguration section */

/* Begin XCConfigurationList section */
		8FD890A216DFEDB700A870A3 /* Build configuration list for PBXProject "Self Patch" */ = {
			isa = XCConfigurationList;
			buildConfigurations = (
				8FD890C216DFEDB700A870A3 /* Debug */,
				8FD890C316DFEDB700A870A3 /* Release */,
			);
			defaultConfigurationIsVisible = 0;
			defaultConfigurationName = Release;
		};
		8FD890C416DFEDB700A870A3 /* Build configuration list for PBXNativeTarget "Self Patch" */ = {
			isa = XCConfigurationList;
			buildConfigurations = (
				8FD890C516DFEDB700A870A3 /* Debug */,
				8FD890C616DFEDB700A870A3 /* Release */,
			);
			defaultConfigurationIsVisible = 0;
			defaultConfigurationName = Release;
		};
/* End XCConfigurationList section */
	};
	rootObject = 8FD8909F16DFEDB700A870A3 /* Project object */;
}
